
Microsoft Visual Studio Solution File, Format Version 12.00
# Visual Studio Version 17
VisualStudioVersion = 17.7.34024.191
MinimumVisualStudioVersion = 10.0.40219.1
Project("{FAE04EC0-301F-11D3-BF4B-00C04F79EFBC}") = "Project2", "Project2\Project2.csproj", "{911D66BF-3622-4234-8DC1-213B6AE8277D}"
EndProject
Global
	GlobalSection(SolutionConfigurationPlatforms) = preSolution
		Debug|Any CPU = Debug|Any CPU
		Release|Any CPU = Release|Any CPU
	EndGlobalSection
	GlobalSection(ProjectConfigurationPlatforms) = postSolution
		{911D66BF-3622-4234-8DC1-213B6AE8277D}.Debug|Any CPU.ActiveCfg = Debug|Any CPU
		{911D66BF-3622-4234-8DC1-213B6AE8277D}.Debug|Any CPU.Build.0 = Debug|Any CPU
		{911D66BF-3622-4234-8DC1-213B6AE8277D}.Release|Any CPU.ActiveCfg = Release|Any CPU
		{911D66BF-3622-4234-8DC1-213B6AE8277D}.Release|Any CPU.Build.0 = Release|Any CPU
	EndGlobalSection
	GlobalSection(SolutionProperties) = preSolution
		HideSolutionNode = FALSE
	EndGlobalSection
	GlobalSection(ExtensibilityGlobals) = postSolution
		SolutionGuid = {9FA2D24A-E908-4B51-946D-A67889DCE5E5}
	EndGlobalSection
EndGlobal
